
Microsoft Visual Studio Solution File, Format Version 12.00
# Visual Studio Version 16
VisualStudioVersion = 16.0.30717.126
MinimumVisualStudioVersion = 10.0.40219.1
Project("{FAE04EC0-301F-11D3-BF4B-00C04F79EFBC}") = "Caso_1", "Caso_1.csproj", "{7BD3F0EC-9ECB-43EC-A11C-ACFA7BAFE6EF}"
EndProject
Global
	GlobalSection(SolutionConfigurationPlatforms) = preSolution
		Debug|Any CPU = Debug|Any CPU
		Release|Any CPU = Release|Any CPU
	EndGlobalSection
	GlobalSection(ProjectConfigurationPlatforms) = postSolution
		{7BD3F0EC-9ECB-43EC-A11C-ACFA7BAFE6EF}.Debug|Any CPU.ActiveCfg = Debug|Any CPU
		{7BD3F0EC-9ECB-43EC-A11C-ACFA7BAFE6EF}.Debug|Any CPU.Build.0 = Debug|Any CPU
		{7BD3F0EC-9ECB-43EC-A11C-ACFA7BAFE6EF}.Release|Any CPU.ActiveCfg = Release|Any CPU
		{7BD3F0EC-9ECB-43EC-A11C-ACFA7BAFE6EF}.Release|Any CPU.Build.0 = Release|Any CPU
	EndGlobalSection
	GlobalSection(SolutionProperties) = preSolution
		HideSolutionNode = FALSE
	EndGlobalSection
	GlobalSection(ExtensibilityGlobals) = postSolution
		SolutionGuid = {61B6B71A-8A96-4DBA-807E-0646FA5D16E9}
	EndGlobalSection
EndGlobal
